Microsoft Visual Studio Solution File, Format Version 12.00
# Visual Studio Version 17
VisualStudioVersion = 17.8.34408.163
MinimumVisualStudioVersion = 10.0.40219.1
Project("{9A19103F-16F7-4668-BE54-9A1E7A4F7556}") = "CelestialGlow", "src\CelestialGlow\CelestialGlow.csproj", "{6647EC12-151E-431D-9DF8-302A49BD873F}"
EndProject
Global
	GlobalSection(SolutionConfigurationPlatforms) = preSolution
		Debug|Any CPU = Debug|Any CPU
		Deploy|Any CPU = Deploy|Any CPU
		DeployAndRun|Any CPU = DeployAndRun|Any CPU
		Release|Any CPU = Release|Any CPU
	EndGlobalSection
	GlobalSection(ProjectConfigurationPlatforms) = postSolution
		{6647EC12-151E-431D-9DF8-302A49BD873F}.Debug|Any CPU.ActiveCfg = Debug|Any CPU
		{6647EC12-151E-431D-9DF8-302A49BD873F}.Debug|Any CPU.Build.0 = Debug|Any CPU
		{6647EC12-151E-431D-9DF8-302A49BD873F}.Deploy|Any CPU.ActiveCfg = Deploy|Any CPU
		{6647EC12-151E-431D-9DF8-302A49BD873F}.Deploy|Any CPU.Build.0 = Deploy|Any CPU
		{6647EC12-151E-431D-9DF8-302A49BD873F}.DeployAndRun|Any CPU.ActiveCfg = DeployAndRun|Any CPU
		{6647EC12-151E-431D-9DF8-302A49BD873F}.DeployAndRun|Any CPU.Build.0 = DeployAndRun|Any CPU
		{6647EC12-151E-431D-9DF8-302A49BD873F}.Release|Any CPU.ActiveCfg = Release|Any CPU
		{6647EC12-151E-431D-9DF8-302A49BD873F}.Release|Any CPU.Build.0 = Release|Any CPU
	EndGlobalSection
	GlobalSection(SolutionProperties) = preSolution
		HideSolutionNode = FALSE
	EndGlobalSection
	GlobalSection(ExtensibilityGlobals) = postSolution
		SolutionGuid = {C1B9AED2-B98A-49AD-AD62-5FAA679130C6}
	EndGlobalSection
EndGlobal
